// !$*UTF8*$!
{
	archiveVersion = 1;
	classes = {
	};
	objectVersion = 46;
	objects = {

/* Begin PBXBuildFile section */
		4D0021341A278115002846E5 /* AppDelegate.swift in Sources */ = {isa = PBXBuildFile; fileRef = 4D0021331A278115002846E5 /* AppDelegate.swift */; };
		4D0021391A278115002846E5 /* Main.storyboard in Resources */ = {isa = PBXBuildFile; fileRef = 4D0021371A278115002846E5 /* Main.storyboard */; };
		4D00213B1A278115002846E5 /* Images.xcassets in Resources */ = {isa = PBXBuildFile; fileRef = 4D00213A1A278115002846E5 /* Images.xcassets */; };
		4D00213E1A278115002846E5 /* LaunchScreen.xib in Resources */ = {isa = PBXBuildFile; fileRef = 4D00213C1A278115002846E5 /* LaunchScreen.xib */; };
		4D00214A1A278116002846E5 /* StopwatchTests.swift in Sources */ = {isa = PBXBuildFile; fileRef = 4D0021491A278116002846E5 /* StopwatchTests.swift */; };
		4D0021541A278E36002846E5 /* SWViewController.swift in Sources */ = {isa = PBXBuildFile; fileRef = 4D0021531A278E36002846E5 /* SWViewController.swift */; };
/* End PBXBuildFile section */

/* Begin PBXContainerItemProxy section */
		4D0021441A278116002846E5 /* PBXContainerItemProxy */ = {
			isa = PBXContainerItemProxy;
			containerPortal = 4D0021261A278115002846E5 /* Project object */;
			proxyType = 1;
			remoteGlobalIDString = 4D00212D1A278115002846E5;
			remoteInfo = Stopwatch;
		};
/* End PBXContainerItemProxy section */

/* Begin PBXFileReference section */
		4D00212E1A278115002846E5 /* Stopwatch.app */ = {isa = PBXFileReference; explicitFileType = wrapper.application; includeInIndex = 0; path = Stopwatch.app; sourceTree = BUILT_PRODUCTS_DIR; };
		4D0021321A278115002846E5 /* Info.plist */ = {isa = PBXFileReference; lastKnownFileType = text.plist.xml; path = Info.plist; sourceTree = "<group>"; };
		4D0021331A278115002846E5 /* AppDelegate.swift */ = {isa = PBXFileReference; lastKnownFileType = sourcecode.swift; path = AppDelegate.swift; sourceTree = "<group>"; };
		4D0021381A278115002846E5 /* Base */ = {isa = PBXFileReference; lastKnownFileType = file.storyboard; name = Base; path = Base.lproj/Main.storyboard; sourceTree = "<group>"; };
		4D00213A1A278115002846E5 /* Images.xcassets */ = {isa = PBXFileReference; lastKnownFileType = folder.assetcatalog; path = Images.xcassets; sourceTree = "<group>"; };
		4D00213D1A278115002846E5 /* Base */ = {isa = PBXFileReference; lastKnownFileType = file.xib; name = Base; path = Base.lproj/LaunchScreen.xib; sourceTree = "<group>"; };
		4D0021431A278116002846E5 /* StopwatchTests.xctest */ = {isa = PBXFileReference; explicitFileType = wrapper.cfbundle; includeInIndex = 0; path = StopwatchTests.xctest; sourceTree = BUILT_PRODUCTS_DIR; };
		4D0021481A278116002846E5 /* Info.plist */ = {isa = PBXFileReference; lastKnownFileType = text.plist.xml; path = Info.plist; sourceTree = "<group>"; };
		4D0021491A278116002846E5 /* StopwatchTests.swift */ = {isa = PBXFileReference; lastKnownFileType = sourcecode.swift; name = StopwatchTests.swift; path = StopwatchTests/StopwatchTests.swift; sourceTree = SOURCE_ROOT; };
		4D0021531A278E36002846E5 /* SWViewController.swift */ = {isa = PBXFileReference; fileEncoding = 4; lastKnownFileType = sourcecode.swift; path = SWViewController.swift; sourceTree = "<group>"; };
/* End PBXFileReference section */

/* Begin PBXFrameworksBuildPhase section */
		4D00212B1A278115002846E5 /* Frameworks */ = {
			isa = PBXFrameworksBuildPhase;
			buildActionMask = 2147483647;
			files = (
			);
			runOnlyForDeploymentPostprocessing = 0;
		};
		4D0021401A278116002846E5 /* Frameworks */ = {
			isa = PBXFrameworksBuildPhase;
			buildActionMask = 2147483647;
			files = (
			);
			runOnlyForDeploymentPostprocessing = 0;
		};
/* End PBXFrameworksBuildPhase section */

/* Begin PBXGroup section */
		4D0021251A278115002846E5 = {
			isa = PBXGroup;
			children = (
				4D0021301A278115002846E5 /* Stopwatch */,
				4D0021461A278116002846E5 /* StopwatchTests */,
				4D00212F1A278115002846E5 /* Products */,
			);
			sourceTree = "<group>";
		};
		4D00212F1A278115002846E5 /* Products */ = {
			isa = PBXGroup;
			children = (
				4D00212E1A278115002846E5 /* Stopwatch.app */,
				4D0021431A278116002846E5 /* StopwatchTests.xctest */,
			);
			name = Products;
			sourceTree = "<group>";
		};
		4D0021301A278115002846E5 /* Stopwatch */ = {
			isa = PBXGroup;
			children = (
				4D0021331A278115002846E5 /* AppDelegate.swift */,
				4D0021371A278115002846E5 /* Main.storyboard */,
				4D00213A1A278115002846E5 /* Images.xcassets */,
				4D00213C1A278115002846E5 /* LaunchScreen.xib */,
				4D0021491A278116002846E5 /* StopwatchTests.swift */,
				4D0021311A278115002846E5 /* Supporting Files */,
				4D0021531A278E36002846E5 /* SWViewController.swift */,
			);
			path = Stopwatch;
			sourceTree = "<group>";
		};
		4D0021311A278115002846E5 /* Supporting Files */ = {
			isa = PBXGroup;
			children = (
				4D0021321A278115002846E5 /* Info.plist */,
			);
			name = "Supporting Files";
			sourceTree = "<group>";
		};
		4D0021461A278116002846E5 /* StopwatchTests */ = {
			isa = PBXGroup;
			children = (
				4D0021471A278116002846E5 /* Supporting Files */,
			);
			path = StopwatchTests;
			sourceTree = "<group>";
		};
		4D0021471A278116002846E5 /* Supporting Files */ = {
			isa = PBXGroup;
			children = (
				4D0021481A278116002846E5 /* Info.plist */,
			);
			name = "Supporting Files";
			sourceTree = "<group>";
		};
/* End PBXGroup section */

/* Begin PBXNativeTarget section */
		4D00212D1A278115002846E5 /* Stopwatch */ = {
			isa = PBXNativeTarget;
			buildConfigurationList = 4D00214D1A278116002846E5 /* Build configuration list for PBXNativeTarget "Stopwatch" */;
			buildPhases = (
				4D00212A1A278115002846E5 /* Sources */,
				4D00212B1A278115002846E5 /* Frameworks */,
				4D00212C1A278115002846E5 /* Resources */,
			);
			buildRules = (
			);
			dependencies = (
			);
			name = Stopwatch;
			productName = Stopwatch;
			productReference = 4D00212E1A278115002846E5 /* Stopwatch.app */;
			productType = "com.apple.product-type.application";
		};
		4D0021421A278116002846E5 /* StopwatchTests */ = {
			isa = PBXNativeTarget;
			buildConfigurationList = 4D0021501A278116002846E5 /* Build configuration list for PBXNativeTarget "StopwatchTests" */;
			buildPhases = (
				4D00213F1A278116002846E5 /* Sources */,
				4D0021401A278116002846E5 /* Frameworks */,
				4D0021411A278116002846E5 /* Resources */,
			);
			buildRules = (
			);
			dependencies = (
				4D0021451A278116002846E5 /* PBXTargetDependency */,
			);
			name = StopwatchTests;
			productName = StopwatchTests;
			productReference = 4D0021431A278116002846E5 /* StopwatchTests.xctest */;
			productType = "com.apple.product-type.bundle.unit-test";
		};
/* End PBXNativeTarget section */

/* Begin PBXProject section */
		4D0021261A278115002846E5 /* Project object */ = {
			isa = PBXProject;
			attributes = {
				LastUpgradeCheck = 0610;
				ORGANIZATIONNAME = fadcorp;
				TargetAttributes = {
					4D00212D1A278115002846E5 = {
						CreatedOnToolsVersion = 6.1;
					};
					4D0021421A278116002846E5 = {
						CreatedOnToolsVersion = 6.1;
						TestTargetID = 4D00212D1A278115002846E5;
					};
				};
			};
			buildConfigurationList = 4D0021291A278115002846E5 /* Build configuration list for PBXProject "Stopwatch" */;
			compatibilityVersion = "Xcode 3.2";
			developmentRegion = English;
			hasScannedForEncodings = 0;
			knownRegions = (
				en,
				Base,
			);
			mainGroup = 4D0021251A278115002846E5;
			productRefGroup = 4D00212F1A278115002846E5 /* Products */;
			projectDirPath = "";
			projectRoot = "";
			targets = (
				4D00212D1A278115002846E5 /* Stopwatch */,
				4D0021421A278116002846E5 /* StopwatchTests */,
			);
		};
/* End PBXProject section */

/* Begin PBXResourcesBuildPhase section */
		4D00212C1A278115002846E5 /* Resources */ = {
			isa = PBXResourcesBuildPhase;
			buildActionMask = 2147483647;
			files = (
				4D0021391A278115002846E5 /* Main.storyboard in Resources */,
				4D00213E1A278115002846E5 /* LaunchScreen.xib in Resources */,
				4D00213B1A278115002846E5 /* Images.xcassets in Resources */,
			);
			runOnlyForDeploymentPostprocessing = 0;
		};
		4D0021411A278116002846E5 /* Resources */ = {
			isa = PBXResourcesBuildPhase;
			buildActionMask = 2147483647;
			files = (
			);
			runOnlyForDeploymentPostprocessing = 0;
		};
/* End PBXResourcesBuildPhase section */

/* Begin PBXSourcesBuildPhase section */
		4D00212A1A278115002846E5 /* Sources */ = {
			isa = PBXSourcesBuildPhase;
			buildActionMask = 2147483647;
			files = (
				4D0021541A278E36002846E5 /* SWViewController.swift in Sources */,
				4D0021341A278115002846E5 /* AppDelegate.swift in Sources */,
			);
			runOnlyForDeploymentPostprocessing = 0;
		};
		4D00213F1A278116002846E5 /* Sources */ = {
			isa = PBXSourcesBuildPhase;
			buildActionMask = 2147483647;
			files = (
				4D00214A1A278116002846E5 /* StopwatchTests.swift in Sources */,
			);
			runOnlyForDeploymentPostprocessing = 0;
		};
/* End PBXSourcesBuildPhase section */

/* Begin PBXTargetDependency section */
		4D0021451A278116002846E5 /* PBXTargetDependency */ = {
			isa = PBXTargetDependency;
			target = 4D00212D1A278115002846E5 /* Stopwatch */;
			targetProxy = 4D0021441A278116002846E5 /* PBXContainerItemProxy */;
		};
/* End PBXTargetDependency section */

/* Begin PBXVariantGroup section */
		4D0021371A278115002846E5 /* Main.storyboard */ = {
			isa = PBXVariantGroup;
			children = (
				4D0021381A278115002846E5 /* Base */,
			);
			name = Main.storyboard;
			sourceTree = "<group>";
		};
		4D00213C1A278115002846E5 /* LaunchScreen.xib */ = {
			isa = PBXVariantGroup;
			children = (
				4D00213D1A278115002846E5 /* Base */,
			);
			name = LaunchScreen.xib;
			sourceTree = "<group>";
		};
/* End PBXVariantGroup section */

/* Begin XCBuildConfiguration section */
		4D00214B1A278116002846E5 /* Debug */ = {
			isa = XCBuildConfiguration;
			buildSettings = {
				ALWAYS_SEARCH_USER_PATHS = NO;
				CLANG_CXX_LANGUAGE_STANDARD = "gnu++0x";
				CLANG_CXX_LIBRARY = "libc++";
				CLANG_ENABLE_MODULES = YES;
				CLANG_ENABLE_OBJC_ARC = YES;
				CLANG_WARN_BOOL_CONVERSION = YES;
				CLANG_WARN_CONSTANT_CONVERSION = YES;
				CLANG_WARN_DIRECT_OBJC_ISA_USAGE = YES_ERROR;
				CLANG_WARN_EMPTY_BODY = YES;
				CLANG_WARN_ENUM_CONVERSION = YES;
				CLANG_WARN_INT_CONVERSION = YES;
				CLANG_WARN_OBJC_ROOT_CLASS = YES_ERROR;
				CLANG_WARN_UNREACHABLE_CODE = YES;
				CLANG_WARN__DUPLICATE_METHOD_MATCH = YES;
				"CODE_SIGN_IDENTITY[sdk=iphoneos*]" = "iPhone Developer";
				COPY_PHASE_STRIP = NO;
				ENABLE_STRICT_OBJC_MSGSEND = YES;
				GCC_C_LANGUAGE_STANDARD = gnu99;
				GCC_DYNAMIC_NO_PIC = NO;
				GCC_OPTIMIZATION_LEVEL = 0;
				GCC_PREPROCESSOR_DEFINITIONS = (
					"DEBUG=1",
					"$(inherited)",
				);
				GCC_SYMBOLS_PRIVATE_EXTERN = NO;
				GCC_WARN_64_TO_32_BIT_CONVERSION = YES;
				GCC_WARN_ABOUT_RETURN_TYPE = YES_ERROR;
				GCC_WARN_UNDECLARED_SELECTOR = YES;
				GCC_WARN_UNINITIALIZED_AUTOS = YES_AGGRESSIVE;
				GCC_WARN_UNUSED_FUNCTION = YES;
				GCC_WARN_UNUSED_VARIABLE = YES;
				IPHONEOS_DEPLOYMENT_TARGET = 8.1;
				MTL_ENABLE_DEBUG_INFO = YES;
				ONLY_ACTIVE_ARCH = YES;
				SDKROOT = iphoneos;
				SWIFT_OPTIMIZATION_LEVEL = "-Onone";
			};
			name = Debug;
		};
		4D00214C1A278116002846E5 /* Release */ = {
			isa = XCBuildConfiguration;
			buildSettings = {
				ALWAYS_SEARCH_USER_PATHS = NO;
				CLANG_CXX_LANGUAGE_STANDARD = "gnu++0x";
				CLANG_CXX_LIBRARY = "libc++";
				CLANG_ENABLE_MODULES = YES;
				CLANG_ENABLE_OBJC_ARC = YES;
				CLANG_WARN_BOOL_CONVERSION = YES;
				CLANG_WARN_CONSTANT_CONVERSION = YES;
				CLANG_WARN_DIRECT_OBJC_ISA_USAGE = YES_ERROR;
				CLANG_WARN_EMPTY_BODY = YES;
				CLANG_WARN_ENUM_CONVERSION = YES;
				CLANG_WARN_INT_CONVERSION = YES;
				CLANG_WARN_OBJC_ROOT_CLASS = YES_ERROR;
				CLANG_WARN_UNREACHABLE_CODE = YES;
				CLANG_WARN__DUPLICATE_METHOD_MATCH = YES;
				"CODE_SIGN_IDENTITY[sdk=iphoneos*]" = "iPhone Developer";
				COPY_PHASE_STRIP = YES;
				ENABLE_NS_ASSERTIONS = NO;
				ENABLE_STRICT_OBJC_MSGSEND = YES;
				GCC_C_LANGUAGE_STANDARD = gnu99;
				GCC_WARN_64_TO_32_BIT_CONVERSION = YES;
				GCC_WARN_ABOUT_RETURN_TYPE = YES_ERROR;
				GCC_WARN_UNDECLARED_SELECTOR = YES;
				GCC_WARN_UNINITIALIZED_AUTOS = YES_AGGRESSIVE;
				GCC_WARN_UNUSED_FUNCTION = YES;
				GCC_WARN_UNUSED_VARIABLE = YES;
				IPHONEOS_DEPLOYMENT_TARGET = 8.1;
				MTL_ENABLE_DEBUG_INFO = NO;
				SDKROOT = iphoneos;
				VALIDATE_PRODUCT = YES;
			};
			name = Release;
		};
		4D00214E1A278116002846E5 /* Debug */ = {
			isa = XCBuildConfiguration;
			buildSettings = {
				ASSETCATALOG_COMPILER_APPICON_NAME = AppIcon;
				INFOPLIST_FILE = Stopwatch/Info.plist;
				LD_RUNPATH_SEARCH_PATHS = "$(inherited) @executable_path/Frameworks";
				PRODUCT_NAME = "$(TARGET_NAME)";
			};
			name = Debug;
		};
		4D00214F1A278116002846E5 /* Release */ = {
			isa = XCBuildConfiguration;
			buildSettings = {
				ASSETCATALOG_COMPILER_APPICON_NAME = AppIcon;
				INFOPLIST_FILE = Stopwatch/Info.plist;
				LD_RUNPATH_SEARCH_PATHS = "$(inherited) @executable_path/Frameworks";
				PRODUCT_NAME = "$(TARGET_NAME)";
			};
			name = Release;
		};
		4D0021511A278116002846E5 /* Debug */ = {
			isa = XCBuildConfiguration;
			buildSettings = {
				BUNDLE_LOADER = "$(TEST_HOST)";
				FRAMEWORK_SEARCH_PATHS = (
					"$(SDKROOT)/Developer/Library/Frameworks",
					"$(inherited)",
				);
				GCC_PREPROCESSOR_DEFINITIONS = (
					"DEBUG=1",
					"$(inherited)",
				);
				INFOPLIST_FILE = StopwatchTests/Info.plist;
				LD_RUNPATH_SEARCH_PATHS = "$(inherited) @executable_path/Frameworks @loader_path/Frameworks";
				PRODUCT_NAME = "$(TARGET_NAME)";
				TEST_HOST = "$(BUILT_PRODUCTS_DIR)/Stopwatch.app/Stopwatch";
			};
			name = Debug;
		};
		4D0021521A278116002846E5 /* Release */ = {
			isa = XCBuildConfiguration;
			buildSettings = {
				BUNDLE_LOADER = "$(TEST_HOST)";
				FRAMEWORK_SEARCH_PATHS = (
					"$(SDKROOT)/Developer/Library/Frameworks",
					"$(inherited)",
				);
				INFOPLIST_FILE = StopwatchTests/Info.plist;
				LD_RUNPATH_SEARCH_PATHS = "$(inherited) @executable_path/Frameworks @loader_path/Frameworks";
				PRODUCT_NAME = "$(TARGET_NAME)";
				TEST_HOST = "$(BUILT_PRODUCTS_DIR)/Stopwatch.app/Stopwatch";
			};
			name = Release;
		};
/* End XCBuildConfiguration section */

/* Begin XCConfigurationList section */
		4D0021291A278115002846E5 /* Build configuration list for PBXProject "Stopwatch" */ = {
			isa = XCConfigurationList;
			buildConfigurations = (
				4D00214B1A278116002846E5 /* Debug */,
				4D00214C1A278116002846E5 /* Release */,
			);
			defaultConfigurationIsVisible = 0;
			defaultConfigurationName = Release;
		};
		4D00214D1A278116002846E5 /* Build configuration list for PBXNativeTarget "Stopwatch" */ = {
			isa = XCConfigurationList;
			buildConfigurations = (
				4D00214E1A278116002846E5 /* Debug */,
				4D00214F1A278116002846E5 /* Release */,
			);
			defaultConfigurationIsVisible = 0;
		};
		4D0021501A278116002846E5 /* Build configuration list for PBXNativeTarget "StopwatchTests" */ = {
			isa = XCConfigurationList;
			buildConfigurations = (
				4D0021511A278116002846E5 /* Debug */,
				4D0021521A278116002846E5 /* Release */,
			);
			defaultConfigurationIsVisible = 0;
		};
/* End XCConfigurationList section */
	};
	rootObject = 4D0021261A278115002846E5 /* Project object */;
}
