// !$*UTF8*$!
{
	archiveVersion = 1;
	classes = {
	};
	objectVersion = 46;
	objects = {

/* Begin PBXBuildFile section */
		4D0021961A27C104002846E5 /* AppDelegate.swift in Sources */ = {isa = PBXBuildFile; fileRef = 4D0021951A27C104002846E5 /* AppDelegate.swift */; };
		4D0021981A27C104002846E5 /* ViewController.swift in Sources */ = {isa = PBXBuildFile; fileRef = 4D0021971A27C104002846E5 /* ViewController.swift */; };
		4D00219B1A27C104002846E5 /* Main.storyboard in Resources */ = {isa = PBXBuildFile; fileRef = 4D0021991A27C104002846E5 /* Main.storyboard */; };
		4D00219D1A27C104002846E5 /* Images.xcassets in Resources */ = {isa = PBXBuildFile; fileRef = 4D00219C1A27C104002846E5 /* Images.xcassets */; };
		4D0021A01A27C104002846E5 /* LaunchScreen.xib in Resources */ = {isa = PBXBuildFile; fileRef = 4D00219E1A27C104002846E5 /* LaunchScreen.xib */; };
		4D0021AC1A27C104002846E5 /* TipCalculatorTests.swift in Sources */ = {isa = PBXBuildFile; fileRef = 4D0021AB1A27C104002846E5 /* TipCalculatorTests.swift */; };
/* End PBXBuildFile section */

/* Begin PBXContainerItemProxy section */
		4D0021A61A27C104002846E5 /* PBXContainerItemProxy */ = {
			isa = PBXContainerItemProxy;
			containerPortal = 4D0021881A27C104002846E5 /* Project object */;
			proxyType = 1;
			remoteGlobalIDString = 4D00218F1A27C104002846E5;
			remoteInfo = TipCalculator;
		};
/* End PBXContainerItemProxy section */

/* Begin PBXFileReference section */
		4D0021901A27C104002846E5 /* TipCalculator.app */ = {isa = PBXFileReference; explicitFileType = wrapper.application; includeInIndex = 0; path = TipCalculator.app; sourceTree = BUILT_PRODUCTS_DIR; };
		4D0021941A27C104002846E5 /* Info.plist */ = {isa = PBXFileReference; lastKnownFileType = text.plist.xml; path = Info.plist; sourceTree = "<group>"; };
		4D0021951A27C104002846E5 /* AppDelegate.swift */ = {isa = PBXFileReference; lastKnownFileType = sourcecode.swift; path = AppDelegate.swift; sourceTree = "<group>"; };
		4D0021971A27C104002846E5 /* ViewController.swift */ = {isa = PBXFileReference; lastKnownFileType = sourcecode.swift; path = ViewController.swift; sourceTree = "<group>"; };
		4D00219A1A27C104002846E5 /* Base */ = {isa = PBXFileReference; lastKnownFileType = file.storyboard; name = Base; path = Base.lproj/Main.storyboard; sourceTree = "<group>"; };
		4D00219C1A27C104002846E5 /* Images.xcassets */ = {isa = PBXFileReference; lastKnownFileType = folder.assetcatalog; path = Images.xcassets; sourceTree = "<group>"; };
		4D00219F1A27C104002846E5 /* Base */ = {isa = PBXFileReference; lastKnownFileType = file.xib; name = Base; path = Base.lproj/LaunchScreen.xib; sourceTree = "<group>"; };
		4D0021A51A27C104002846E5 /* TipCalculatorTests.xctest */ = {isa = PBXFileReference; explicitFileType = wrapper.cfbundle; includeInIndex = 0; path = TipCalculatorTests.xctest; sourceTree = BUILT_PRODUCTS_DIR; };
		4D0021AA1A27C104002846E5 /* Info.plist */ = {isa = PBXFileReference; lastKnownFileType = text.plist.xml; path = Info.plist; sourceTree = "<group>"; };
		4D0021AB1A27C104002846E5 /* TipCalculatorTests.swift */ = {isa = PBXFileReference; lastKnownFileType = sourcecode.swift; path = TipCalculatorTests.swift; sourceTree = "<group>"; };
/* End PBXFileReference section */

/* Begin PBXFrameworksBuildPhase section */
		4D00218D1A27C104002846E5 /* Frameworks */ = {
			isa = PBXFrameworksBuildPhase;
			buildActionMask = 2147483647;
			files = (
			);
			runOnlyForDeploymentPostprocessing = 0;
		};
		4D0021A21A27C104002846E5 /* Frameworks */ = {
			isa = PBXFrameworksBuildPhase;
			buildActionMask = 2147483647;
			files = (
			);
			runOnlyForDeploymentPostprocessing = 0;
		};
/* End PBXFrameworksBuildPhase section */

/* Begin PBXGroup section */
		4D0021871A27C104002846E5 = {
			isa = PBXGroup;
			children = (
				4D0021921A27C104002846E5 /* TipCalculator */,
				4D0021A81A27C104002846E5 /* TipCalculatorTests */,
				4D0021911A27C104002846E5 /* Products */,
			);
			sourceTree = "<group>";
		};
		4D0021911A27C104002846E5 /* Products */ = {
			isa = PBXGroup;
			children = (
				4D0021901A27C104002846E5 /* TipCalculator.app */,
				4D0021A51A27C104002846E5 /* TipCalculatorTests.xctest */,
			);
			name = Products;
			sourceTree = "<group>";
		};
		4D0021921A27C104002846E5 /* TipCalculator */ = {
			isa = PBXGroup;
			children = (
				4D0021951A27C104002846E5 /* AppDelegate.swift */,
				4D0021971A27C104002846E5 /* ViewController.swift */,
				4D0021991A27C104002846E5 /* Main.storyboard */,
				4D00219C1A27C104002846E5 /* Images.xcassets */,
				4D00219E1A27C104002846E5 /* LaunchScreen.xib */,
				4D0021931A27C104002846E5 /* Supporting Files */,
			);
			path = TipCalculator;
			sourceTree = "<group>";
		};
		4D0021931A27C104002846E5 /* Supporting Files */ = {
			isa = PBXGroup;
			children = (
				4D0021941A27C104002846E5 /* Info.plist */,
			);
			name = "Supporting Files";
			sourceTree = "<group>";
		};
		4D0021A81A27C104002846E5 /* TipCalculatorTests */ = {
			isa = PBXGroup;
			children = (
				4D0021AB1A27C104002846E5 /* TipCalculatorTests.swift */,
				4D0021A91A27C104002846E5 /* Supporting Files */,
			);
			path = TipCalculatorTests;
			sourceTree = "<group>";
		};
		4D0021A91A27C104002846E5 /* Supporting Files */ = {
			isa = PBXGroup;
			children = (
				4D0021AA1A27C104002846E5 /* Info.plist */,
			);
			name = "Supporting Files";
			sourceTree = "<group>";
		};
/* End PBXGroup section */

/* Begin PBXNativeTarget section */
		4D00218F1A27C104002846E5 /* TipCalculator */ = {
			isa = PBXNativeTarget;
			buildConfigurationList = 4D0021AF1A27C104002846E5 /* Build configuration list for PBXNativeTarget "TipCalculator" */;
			buildPhases = (
				4D00218C1A27C104002846E5 /* Sources */,
				4D00218D1A27C104002846E5 /* Frameworks */,
				4D00218E1A27C104002846E5 /* Resources */,
			);
			buildRules = (
			);
			dependencies = (
			);
			name = TipCalculator;
			productName = TipCalculator;
			productReference = 4D0021901A27C104002846E5 /* TipCalculator.app */;
			productType = "com.apple.product-type.application";
		};
		4D0021A41A27C104002846E5 /* TipCalculatorTests */ = {
			isa = PBXNativeTarget;
			buildConfigurationList = 4D0021B21A27C104002846E5 /* Build configuration list for PBXNativeTarget "TipCalculatorTests" */;
			buildPhases = (
				4D0021A11A27C104002846E5 /* Sources */,
				4D0021A21A27C104002846E5 /* Frameworks */,
				4D0021A31A27C104002846E5 /* Resources */,
			);
			buildRules = (
			);
			dependencies = (
				4D0021A71A27C104002846E5 /* PBXTargetDependency */,
			);
			name = TipCalculatorTests;
			productName = TipCalculatorTests;
			productReference = 4D0021A51A27C104002846E5 /* TipCalculatorTests.xctest */;
			productType = "com.apple.product-type.bundle.unit-test";
		};
/* End PBXNativeTarget section */

/* Begin PBXProject section */
		4D0021881A27C104002846E5 /* Project object */ = {
			isa = PBXProject;
			attributes = {
				LastUpgradeCheck = 0610;
				ORGANIZATIONNAME = fadcorp;
				TargetAttributes = {
					4D00218F1A27C104002846E5 = {
						CreatedOnToolsVersion = 6.1;
					};
					4D0021A41A27C104002846E5 = {
						CreatedOnToolsVersion = 6.1;
						TestTargetID = 4D00218F1A27C104002846E5;
					};
				};
			};
			buildConfigurationList = 4D00218B1A27C104002846E5 /* Build configuration list for PBXProject "TipCalculator" */;
			compatibilityVersion = "Xcode 3.2";
			developmentRegion = English;
			hasScannedForEncodings = 0;
			knownRegions = (
				en,
				Base,
			);
			mainGroup = 4D0021871A27C104002846E5;
			productRefGroup = 4D0021911A27C104002846E5 /* Products */;
			projectDirPath = "";
			projectRoot = "";
			targets = (
				4D00218F1A27C104002846E5 /* TipCalculator */,
				4D0021A41A27C104002846E5 /* TipCalculatorTests */,
			);
		};
/* End PBXProject section */

/* Begin PBXResourcesBuildPhase section */
		4D00218E1A27C104002846E5 /* Resources */ = {
			isa = PBXResourcesBuildPhase;
			buildActionMask = 2147483647;
			files = (
				4D00219B1A27C104002846E5 /* Main.storyboard in Resources */,
				4D0021A01A27C104002846E5 /* LaunchScreen.xib in Resources */,
				4D00219D1A27C104002846E5 /* Images.xcassets in Resources */,
			);
			runOnlyForDeploymentPostprocessing = 0;
		};
		4D0021A31A27C104002846E5 /* Resources */ = {
			isa = PBXResourcesBuildPhase;
			buildActionMask = 2147483647;
			files = (
			);
			runOnlyForDeploymentPostprocessing = 0;
		};
/* End PBXResourcesBuildPhase section */

/* Begin PBXSourcesBuildPhase section */
		4D00218C1A27C104002846E5 /* Sources */ = {
			isa = PBXSourcesBuildPhase;
			buildActionMask = 2147483647;
			files = (
				4D0021981A27C104002846E5 /* ViewController.swift in Sources */,
				4D0021961A27C104002846E5 /* AppDelegate.swift in Sources */,
			);
			runOnlyForDeploymentPostprocessing = 0;
		};
		4D0021A11A27C104002846E5 /* Sources */ = {
			isa = PBXSourcesBuildPhase;
			buildActionMask = 2147483647;
			files = (
				4D0021AC1A27C104002846E5 /* TipCalculatorTests.swift in Sources */,
			);
			runOnlyForDeploymentPostprocessing = 0;
		};
/* End PBXSourcesBuildPhase section */

/* Begin PBXTargetDependency section */
		4D0021A71A27C104002846E5 /* PBXTargetDependency */ = {
			isa = PBXTargetDependency;
			target = 4D00218F1A27C104002846E5 /* TipCalculator */;
			targetProxy = 4D0021A61A27C104002846E5 /* PBXContainerItemProxy */;
		};
/* End PBXTargetDependency section */

/* Begin PBXVariantGroup section */
		4D0021991A27C104002846E5 /* Main.storyboard */ = {
			isa = PBXVariantGroup;
			children = (
				4D00219A1A27C104002846E5 /* Base */,
			);
			name = Main.storyboard;
			sourceTree = "<group>";
		};
		4D00219E1A27C104002846E5 /* LaunchScreen.xib */ = {
			isa = PBXVariantGroup;
			children = (
				4D00219F1A27C104002846E5 /* Base */,
			);
			name = LaunchScreen.xib;
			sourceTree = "<group>";
		};
/* End PBXVariantGroup section */

/* Begin XCBuildConfiguration section */
		4D0021AD1A27C104002846E5 /* Debug */ = {
			isa = XCBuildConfiguration;
			buildSettings = {
				ALWAYS_SEARCH_USER_PATHS = NO;
				CLANG_CXX_LANGUAGE_STANDARD = "gnu++0x";
				CLANG_CXX_LIBRARY = "libc++";
				CLANG_ENABLE_MODULES = YES;
				CLANG_ENABLE_OBJC_ARC = YES;
				CLANG_WARN_BOOL_CONVERSION = YES;
				CLANG_WARN_CONSTANT_CONVERSION = YES;
				CLANG_WARN_DIRECT_OBJC_ISA_USAGE = YES_ERROR;
				CLANG_WARN_EMPTY_BODY = YES;
				CLANG_WARN_ENUM_CONVERSION = YES;
				CLANG_WARN_INT_CONVERSION = YES;
				CLANG_WARN_OBJC_ROOT_CLASS = YES_ERROR;
				CLANG_WARN_UNREACHABLE_CODE = YES;
				CLANG_WARN__DUPLICATE_METHOD_MATCH = YES;
				"CODE_SIGN_IDENTITY[sdk=iphoneos*]" = "iPhone Developer";
				COPY_PHASE_STRIP = NO;
				ENABLE_STRICT_OBJC_MSGSEND = YES;
				GCC_C_LANGUAGE_STANDARD = gnu99;
				GCC_DYNAMIC_NO_PIC = NO;
				GCC_OPTIMIZATION_LEVEL = 0;
				GCC_PREPROCESSOR_DEFINITIONS = (
					"DEBUG=1",
					"$(inherited)",
				);
				GCC_SYMBOLS_PRIVATE_EXTERN = NO;
				GCC_WARN_64_TO_32_BIT_CONVERSION = YES;
				GCC_WARN_ABOUT_RETURN_TYPE = YES_ERROR;
				GCC_WARN_UNDECLARED_SELECTOR = YES;
				GCC_WARN_UNINITIALIZED_AUTOS = YES_AGGRESSIVE;
				GCC_WARN_UNUSED_FUNCTION = YES;
				GCC_WARN_UNUSED_VARIABLE = YES;
				IPHONEOS_DEPLOYMENT_TARGET = 8.1;
				MTL_ENABLE_DEBUG_INFO = YES;
				ONLY_ACTIVE_ARCH = YES;
				SDKROOT = iphoneos;
				SWIFT_OPTIMIZATION_LEVEL = "-Onone";
			};
			name = Debug;
		};
		4D0021AE1A27C104002846E5 /* Release */ = {
			isa = XCBuildConfiguration;
			buildSettings = {
				ALWAYS_SEARCH_USER_PATHS = NO;
				CLANG_CXX_LANGUAGE_STANDARD = "gnu++0x";
				CLANG_CXX_LIBRARY = "libc++";
				CLANG_ENABLE_MODULES = YES;
				CLANG_ENABLE_OBJC_ARC = YES;
				CLANG_WARN_BOOL_CONVERSION = YES;
				CLANG_WARN_CONSTANT_CONVERSION = YES;
				CLANG_WARN_DIRECT_OBJC_ISA_USAGE = YES_ERROR;
				CLANG_WARN_EMPTY_BODY = YES;
				CLANG_WARN_ENUM_CONVERSION = YES;
				CLANG_WARN_INT_CONVERSION = YES;
				CLANG_WARN_OBJC_ROOT_CLASS = YES_ERROR;
				CLANG_WARN_UNREACHABLE_CODE = YES;
				CLANG_WARN__DUPLICATE_METHOD_MATCH = YES;
				"CODE_SIGN_IDENTITY[sdk=iphoneos*]" = "iPhone Developer";
				COPY_PHASE_STRIP = YES;
				ENABLE_NS_ASSERTIONS = NO;
				ENABLE_STRICT_OBJC_MSGSEND = YES;
				GCC_C_LANGUAGE_STANDARD = gnu99;
				GCC_WARN_64_TO_32_BIT_CONVERSION = YES;
				GCC_WARN_ABOUT_RETURN_TYPE = YES_ERROR;
				GCC_WARN_UNDECLARED_SELECTOR = YES;
				GCC_WARN_UNINITIALIZED_AUTOS = YES_AGGRESSIVE;
				GCC_WARN_UNUSED_FUNCTION = YES;
				GCC_WARN_UNUSED_VARIABLE = YES;
				IPHONEOS_DEPLOYMENT_TARGET = 8.1;
				MTL_ENABLE_DEBUG_INFO = NO;
				SDKROOT = iphoneos;
				VALIDATE_PRODUCT = YES;
			};
			name = Release;
		};
		4D0021B01A27C104002846E5 /* Debug */ = {
			isa = XCBuildConfiguration;
			buildSettings = {
				ASSETCATALOG_COMPILER_APPICON_NAME = AppIcon;
				INFOPLIST_FILE = TipCalculator/Info.plist;
				LD_RUNPATH_SEARCH_PATHS = "$(inherited) @executable_path/Frameworks";
				PRODUCT_NAME = "$(TARGET_NAME)";
			};
			name = Debug;
		};
		4D0021B11A27C104002846E5 /* Release */ = {
			isa = XCBuildConfiguration;
			buildSettings = {
				ASSETCATALOG_COMPILER_APPICON_NAME = AppIcon;
				INFOPLIST_FILE = TipCalculator/Info.plist;
				LD_RUNPATH_SEARCH_PATHS = "$(inherited) @executable_path/Frameworks";
				PRODUCT_NAME = "$(TARGET_NAME)";
			};
			name = Release;
		};
		4D0021B31A27C104002846E5 /* Debug */ = {
			isa = XCBuildConfiguration;
			buildSettings = {
				BUNDLE_LOADER = "$(TEST_HOST)";
				FRAMEWORK_SEARCH_PATHS = (
					"$(SDKROOT)/Developer/Library/Frameworks",
					"$(inherited)",
				);
				GCC_PREPROCESSOR_DEFINITIONS = (
					"DEBUG=1",
					"$(inherited)",
				);
				INFOPLIST_FILE = TipCalculatorTests/Info.plist;
				LD_RUNPATH_SEARCH_PATHS = "$(inherited) @executable_path/Frameworks @loader_path/Frameworks";
				PRODUCT_NAME = "$(TARGET_NAME)";
				TEST_HOST = "$(BUILT_PRODUCTS_DIR)/TipCalculator.app/TipCalculator";
			};
			name = Debug;
		};
		4D0021B41A27C104002846E5 /* Release */ = {
			isa = XCBuildConfiguration;
			buildSettings = {
				BUNDLE_LOADER = "$(TEST_HOST)";
				FRAMEWORK_SEARCH_PATHS = (
					"$(SDKROOT)/Developer/Library/Frameworks",
					"$(inherited)",
				);
				INFOPLIST_FILE = TipCalculatorTests/Info.plist;
				LD_RUNPATH_SEARCH_PATHS = "$(inherited) @executable_path/Frameworks @loader_path/Frameworks";
				PRODUCT_NAME = "$(TARGET_NAME)";
				TEST_HOST = "$(BUILT_PRODUCTS_DIR)/TipCalculator.app/TipCalculator";
			};
			name = Release;
		};
/* End XCBuildConfiguration section */

/* Begin XCConfigurationList section */
		4D00218B1A27C104002846E5 /* Build configuration list for PBXProject "TipCalculator" */ = {
			isa = XCConfigurationList;
			buildConfigurations = (
				4D0021AD1A27C104002846E5 /* Debug */,
				4D0021AE1A27C104002846E5 /* Release */,
			);
			defaultConfigurationIsVisible = 0;
			defaultConfigurationName = Release;
		};
		4D0021AF1A27C104002846E5 /* Build configuration list for PBXNativeTarget "TipCalculator" */ = {
			isa = XCConfigurationList;
			buildConfigurations = (
				4D0021B01A27C104002846E5 /* Debug */,
				4D0021B11A27C104002846E5 /* Release */,
			);
			defaultConfigurationIsVisible = 0;
		};
		4D0021B21A27C104002846E5 /* Build configuration list for PBXNativeTarget "TipCalculatorTests" */ = {
			isa = XCConfigurationList;
			buildConfigurations = (
				4D0021B31A27C104002846E5 /* Debug */,
				4D0021B41A27C104002846E5 /* Release */,
			);
			defaultConfigurationIsVisible = 0;
		};
/* End XCConfigurationList section */
	};
	rootObject = 4D0021881A27C104002846E5 /* Project object */;
}
