// !$*UTF8*$!
{
	archiveVersion = 1;
	classes = {
	};
	objectVersion = 46;
	objects = {

/* Begin PBXBuildFile section */
		4D0021641A27B11E002846E5 /* main.m in Sources */ = {isa = PBXBuildFile; fileRef = 4D0021631A27B11E002846E5 /* main.m */; };
		4D0021671A27B11E002846E5 /* AppDelegate.m in Sources */ = {isa = PBXBuildFile; fileRef = 4D0021661A27B11E002846E5 /* AppDelegate.m */; };
		4D00216A1A27B11E002846E5 /* ViewController.m in Sources */ = {isa = PBXBuildFile; fileRef = 4D0021691A27B11E002846E5 /* ViewController.m */; };
		4D00216D1A27B11E002846E5 /* Main.storyboard in Resources */ = {isa = PBXBuildFile; fileRef = 4D00216B1A27B11E002846E5 /* Main.storyboard */; };
		4D00216F1A27B11E002846E5 /* Images.xcassets in Resources */ = {isa = PBXBuildFile; fileRef = 4D00216E1A27B11E002846E5 /* Images.xcassets */; };
		4D0021721A27B11E002846E5 /* LaunchScreen.xib in Resources */ = {isa = PBXBuildFile; fileRef = 4D0021701A27B11E002846E5 /* LaunchScreen.xib */; };
		4D00217E1A27B11E002846E5 /* QuoteGenTests.m in Sources */ = {isa = PBXBuildFile; fileRef = 4D00217D1A27B11E002846E5 /* QuoteGenTests.m */; };
/* End PBXBuildFile section */

/* Begin PBXContainerItemProxy section */
		4D0021781A27B11E002846E5 /* PBXContainerItemProxy */ = {
			isa = PBXContainerItemProxy;
			containerPortal = 4D0021561A27B11E002846E5 /* Project object */;
			proxyType = 1;
			remoteGlobalIDString = 4D00215D1A27B11E002846E5;
			remoteInfo = QuoteGen;
		};
/* End PBXContainerItemProxy section */

/* Begin PBXFileReference section */
		4D00215E1A27B11E002846E5 /* QuoteGen.app */ = {isa = PBXFileReference; explicitFileType = wrapper.application; includeInIndex = 0; path = QuoteGen.app; sourceTree = BUILT_PRODUCTS_DIR; };
		4D0021621A27B11E002846E5 /* Info.plist */ = {isa = PBXFileReference; lastKnownFileType = text.plist.xml; path = Info.plist; sourceTree = "<group>"; };
		4D0021631A27B11E002846E5 /* main.m */ = {isa = PBXFileReference; lastKnownFileType = sourcecode.c.objc; path = main.m; sourceTree = "<group>"; };
		4D0021651A27B11E002846E5 /* AppDelegate.h */ = {isa = PBXFileReference; lastKnownFileType = sourcecode.c.h; path = AppDelegate.h; sourceTree = "<group>"; };
		4D0021661A27B11E002846E5 /* AppDelegate.m */ = {isa = PBXFileReference; lastKnownFileType = sourcecode.c.objc; path = AppDelegate.m; sourceTree = "<group>"; };
		4D0021681A27B11E002846E5 /* ViewController.h */ = {isa = PBXFileReference; lastKnownFileType = sourcecode.c.h; path = ViewController.h; sourceTree = "<group>"; };
		4D0021691A27B11E002846E5 /* ViewController.m */ = {isa = PBXFileReference; lastKnownFileType = sourcecode.c.objc; path = ViewController.m; sourceTree = "<group>"; };
		4D00216C1A27B11E002846E5 /* Base */ = {isa = PBXFileReference; lastKnownFileType = file.storyboard; name = Base; path = Base.lproj/Main.storyboard; sourceTree = "<group>"; };
		4D00216E1A27B11E002846E5 /* Images.xcassets */ = {isa = PBXFileReference; lastKnownFileType = folder.assetcatalog; path = Images.xcassets; sourceTree = "<group>"; };
		4D0021711A27B11E002846E5 /* Base */ = {isa = PBXFileReference; lastKnownFileType = file.xib; name = Base; path = Base.lproj/LaunchScreen.xib; sourceTree = "<group>"; };
		4D0021771A27B11E002846E5 /* QuoteGenTests.xctest */ = {isa = PBXFileReference; explicitFileType = wrapper.cfbundle; includeInIndex = 0; path = QuoteGenTests.xctest; sourceTree = BUILT_PRODUCTS_DIR; };
		4D00217C1A27B11E002846E5 /* Info.plist */ = {isa = PBXFileReference; lastKnownFileType = text.plist.xml; path = Info.plist; sourceTree = "<group>"; };
		4D00217D1A27B11E002846E5 /* QuoteGenTests.m */ = {isa = PBXFileReference; lastKnownFileType = sourcecode.c.objc; path = QuoteGenTests.m; sourceTree = "<group>"; };
/* End PBXFileReference section */

/* Begin PBXFrameworksBuildPhase section */
		4D00215B1A27B11E002846E5 /* Frameworks */ = {
			isa = PBXFrameworksBuildPhase;
			buildActionMask = 2147483647;
			files = (
			);
			runOnlyForDeploymentPostprocessing = 0;
		};
		4D0021741A27B11E002846E5 /* Frameworks */ = {
			isa = PBXFrameworksBuildPhase;
			buildActionMask = 2147483647;
			files = (
			);
			runOnlyForDeploymentPostprocessing = 0;
		};
/* End PBXFrameworksBuildPhase section */

/* Begin PBXGroup section */
		4D0021551A27B11E002846E5 = {
			isa = PBXGroup;
			children = (
				4D0021601A27B11E002846E5 /* QuoteGen */,
				4D00217A1A27B11E002846E5 /* QuoteGenTests */,
				4D00215F1A27B11E002846E5 /* Products */,
			);
			sourceTree = "<group>";
		};
		4D00215F1A27B11E002846E5 /* Products */ = {
			isa = PBXGroup;
			children = (
				4D00215E1A27B11E002846E5 /* QuoteGen.app */,
				4D0021771A27B11E002846E5 /* QuoteGenTests.xctest */,
			);
			name = Products;
			sourceTree = "<group>";
		};
		4D0021601A27B11E002846E5 /* QuoteGen */ = {
			isa = PBXGroup;
			children = (
				4D0021651A27B11E002846E5 /* AppDelegate.h */,
				4D0021661A27B11E002846E5 /* AppDelegate.m */,
				4D0021681A27B11E002846E5 /* ViewController.h */,
				4D0021691A27B11E002846E5 /* ViewController.m */,
				4D00216B1A27B11E002846E5 /* Main.storyboard */,
				4D00216E1A27B11E002846E5 /* Images.xcassets */,
				4D0021701A27B11E002846E5 /* LaunchScreen.xib */,
				4D0021611A27B11E002846E5 /* Supporting Files */,
			);
			path = QuoteGen;
			sourceTree = "<group>";
		};
		4D0021611A27B11E002846E5 /* Supporting Files */ = {
			isa = PBXGroup;
			children = (
				4D0021621A27B11E002846E5 /* Info.plist */,
				4D0021631A27B11E002846E5 /* main.m */,
			);
			name = "Supporting Files";
			sourceTree = "<group>";
		};
		4D00217A1A27B11E002846E5 /* QuoteGenTests */ = {
			isa = PBXGroup;
			children = (
				4D00217D1A27B11E002846E5 /* QuoteGenTests.m */,
				4D00217B1A27B11E002846E5 /* Supporting Files */,
			);
			path = QuoteGenTests;
			sourceTree = "<group>";
		};
		4D00217B1A27B11E002846E5 /* Supporting Files */ = {
			isa = PBXGroup;
			children = (
				4D00217C1A27B11E002846E5 /* Info.plist */,
			);
			name = "Supporting Files";
			sourceTree = "<group>";
		};
/* End PBXGroup section */

/* Begin PBXNativeTarget section */
		4D00215D1A27B11E002846E5 /* QuoteGen */ = {
			isa = PBXNativeTarget;
			buildConfigurationList = 4D0021811A27B11E002846E5 /* Build configuration list for PBXNativeTarget "QuoteGen" */;
			buildPhases = (
				4D00215A1A27B11E002846E5 /* Sources */,
				4D00215B1A27B11E002846E5 /* Frameworks */,
				4D00215C1A27B11E002846E5 /* Resources */,
			);
			buildRules = (
			);
			dependencies = (
			);
			name = QuoteGen;
			productName = QuoteGen;
			productReference = 4D00215E1A27B11E002846E5 /* QuoteGen.app */;
			productType = "com.apple.product-type.application";
		};
		4D0021761A27B11E002846E5 /* QuoteGenTests */ = {
			isa = PBXNativeTarget;
			buildConfigurationList = 4D0021841A27B11E002846E5 /* Build configuration list for PBXNativeTarget "QuoteGenTests" */;
			buildPhases = (
				4D0021731A27B11E002846E5 /* Sources */,
				4D0021741A27B11E002846E5 /* Frameworks */,
				4D0021751A27B11E002846E5 /* Resources */,
			);
			buildRules = (
			);
			dependencies = (
				4D0021791A27B11E002846E5 /* PBXTargetDependency */,
			);
			name = QuoteGenTests;
			productName = QuoteGenTests;
			productReference = 4D0021771A27B11E002846E5 /* QuoteGenTests.xctest */;
			productType = "com.apple.product-type.bundle.unit-test";
		};
/* End PBXNativeTarget section */

/* Begin PBXProject section */
		4D0021561A27B11E002846E5 /* Project object */ = {
			isa = PBXProject;
			attributes = {
				LastUpgradeCheck = 0610;
				ORGANIZATIONNAME = fadcorp;
				TargetAttributes = {
					4D00215D1A27B11E002846E5 = {
						CreatedOnToolsVersion = 6.1;
					};
					4D0021761A27B11E002846E5 = {
						CreatedOnToolsVersion = 6.1;
						TestTargetID = 4D00215D1A27B11E002846E5;
					};
				};
			};
			buildConfigurationList = 4D0021591A27B11E002846E5 /* Build configuration list for PBXProject "QuoteGen" */;
			compatibilityVersion = "Xcode 3.2";
			developmentRegion = English;
			hasScannedForEncodings = 0;
			knownRegions = (
				en,
				Base,
			);
			mainGroup = 4D0021551A27B11E002846E5;
			productRefGroup = 4D00215F1A27B11E002846E5 /* Products */;
			projectDirPath = "";
			projectRoot = "";
			targets = (
				4D00215D1A27B11E002846E5 /* QuoteGen */,
				4D0021761A27B11E002846E5 /* QuoteGenTests */,
			);
		};
/* End PBXProject section */

/* Begin PBXResourcesBuildPhase section */
		4D00215C1A27B11E002846E5 /* Resources */ = {
			isa = PBXResourcesBuildPhase;
			buildActionMask = 2147483647;
			files = (
				4D00216D1A27B11E002846E5 /* Main.storyboard in Resources */,
				4D0021721A27B11E002846E5 /* LaunchScreen.xib in Resources */,
				4D00216F1A27B11E002846E5 /* Images.xcassets in Resources */,
			);
			runOnlyForDeploymentPostprocessing = 0;
		};
		4D0021751A27B11E002846E5 /* Resources */ = {
			isa = PBXResourcesBuildPhase;
			buildActionMask = 2147483647;
			files = (
			);
			runOnlyForDeploymentPostprocessing = 0;
		};
/* End PBXResourcesBuildPhase section */

/* Begin PBXSourcesBuildPhase section */
		4D00215A1A27B11E002846E5 /* Sources */ = {
			isa = PBXSourcesBuildPhase;
			buildActionMask = 2147483647;
			files = (
				4D00216A1A27B11E002846E5 /* ViewController.m in Sources */,
				4D0021671A27B11E002846E5 /* AppDelegate.m in Sources */,
				4D0021641A27B11E002846E5 /* main.m in Sources */,
			);
			runOnlyForDeploymentPostprocessing = 0;
		};
		4D0021731A27B11E002846E5 /* Sources */ = {
			isa = PBXSourcesBuildPhase;
			buildActionMask = 2147483647;
			files = (
				4D00217E1A27B11E002846E5 /* QuoteGenTests.m in Sources */,
			);
			runOnlyForDeploymentPostprocessing = 0;
		};
/* End PBXSourcesBuildPhase section */

/* Begin PBXTargetDependency section */
		4D0021791A27B11E002846E5 /* PBXTargetDependency */ = {
			isa = PBXTargetDependency;
			target = 4D00215D1A27B11E002846E5 /* QuoteGen */;
			targetProxy = 4D0021781A27B11E002846E5 /* PBXContainerItemProxy */;
		};
/* End PBXTargetDependency section */

/* Begin PBXVariantGroup section */
		4D00216B1A27B11E002846E5 /* Main.storyboard */ = {
			isa = PBXVariantGroup;
			children = (
				4D00216C1A27B11E002846E5 /* Base */,
			);
			name = Main.storyboard;
			sourceTree = "<group>";
		};
		4D0021701A27B11E002846E5 /* LaunchScreen.xib */ = {
			isa = PBXVariantGroup;
			children = (
				4D0021711A27B11E002846E5 /* Base */,
			);
			name = LaunchScreen.xib;
			sourceTree = "<group>";
		};
/* End PBXVariantGroup section */

/* Begin XCBuildConfiguration section */
		4D00217F1A27B11E002846E5 /* Debug */ = {
			isa = XCBuildConfiguration;
			buildSettings = {
				ALWAYS_SEARCH_USER_PATHS = NO;
				CLANG_CXX_LANGUAGE_STANDARD = "gnu++0x";
				CLANG_CXX_LIBRARY = "libc++";
				CLANG_ENABLE_MODULES = YES;
				CLANG_ENABLE_OBJC_ARC = YES;
				CLANG_WARN_BOOL_CONVERSION = YES;
				CLANG_WARN_CONSTANT_CONVERSION = YES;
				CLANG_WARN_DIRECT_OBJC_ISA_USAGE = YES_ERROR;
				CLANG_WARN_EMPTY_BODY = YES;
				CLANG_WARN_ENUM_CONVERSION = YES;
				CLANG_WARN_INT_CONVERSION = YES;
				CLANG_WARN_OBJC_ROOT_CLASS = YES_ERROR;
				CLANG_WARN_UNREACHABLE_CODE = YES;
				CLANG_WARN__DUPLICATE_METHOD_MATCH = YES;
				"CODE_SIGN_IDENTITY[sdk=iphoneos*]" = "iPhone Developer";
				COPY_PHASE_STRIP = NO;
				ENABLE_STRICT_OBJC_MSGSEND = YES;
				GCC_C_LANGUAGE_STANDARD = gnu99;
				GCC_DYNAMIC_NO_PIC = NO;
				GCC_OPTIMIZATION_LEVEL = 0;
				GCC_PREPROCESSOR_DEFINITIONS = (
					"DEBUG=1",
					"$(inherited)",
				);
				GCC_SYMBOLS_PRIVATE_EXTERN = NO;
				GCC_WARN_64_TO_32_BIT_CONVERSION = YES;
				GCC_WARN_ABOUT_RETURN_TYPE = YES_ERROR;
				GCC_WARN_UNDECLARED_SELECTOR = YES;
				GCC_WARN_UNINITIALIZED_AUTOS = YES_AGGRESSIVE;
				GCC_WARN_UNUSED_FUNCTION = YES;
				GCC_WARN_UNUSED_VARIABLE = YES;
				IPHONEOS_DEPLOYMENT_TARGET = 8.1;
				MTL_ENABLE_DEBUG_INFO = YES;
				ONLY_ACTIVE_ARCH = YES;
				SDKROOT = iphoneos;
			};
			name = Debug;
		};
		4D0021801A27B11E002846E5 /* Release */ = {
			isa = XCBuildConfiguration;
			buildSettings = {
				ALWAYS_SEARCH_USER_PATHS = NO;
				CLANG_CXX_LANGUAGE_STANDARD = "gnu++0x";
				CLANG_CXX_LIBRARY = "libc++";
				CLANG_ENABLE_MODULES = YES;
				CLANG_ENABLE_OBJC_ARC = YES;
				CLANG_WARN_BOOL_CONVERSION = YES;
				CLANG_WARN_CONSTANT_CONVERSION = YES;
				CLANG_WARN_DIRECT_OBJC_ISA_USAGE = YES_ERROR;
				CLANG_WARN_EMPTY_BODY = YES;
				CLANG_WARN_ENUM_CONVERSION = YES;
				CLANG_WARN_INT_CONVERSION = YES;
				CLANG_WARN_OBJC_ROOT_CLASS = YES_ERROR;
				CLANG_WARN_UNREACHABLE_CODE = YES;
				CLANG_WARN__DUPLICATE_METHOD_MATCH = YES;
				"CODE_SIGN_IDENTITY[sdk=iphoneos*]" = "iPhone Developer";
				COPY_PHASE_STRIP = YES;
				ENABLE_NS_ASSERTIONS = NO;
				ENABLE_STRICT_OBJC_MSGSEND = YES;
				GCC_C_LANGUAGE_STANDARD = gnu99;
				GCC_WARN_64_TO_32_BIT_CONVERSION = YES;
				GCC_WARN_ABOUT_RETURN_TYPE = YES_ERROR;
				GCC_WARN_UNDECLARED_SELECTOR = YES;
				GCC_WARN_UNINITIALIZED_AUTOS = YES_AGGRESSIVE;
				GCC_WARN_UNUSED_FUNCTION = YES;
				GCC_WARN_UNUSED_VARIABLE = YES;
				IPHONEOS_DEPLOYMENT_TARGET = 8.1;
				MTL_ENABLE_DEBUG_INFO = NO;
				SDKROOT = iphoneos;
				VALIDATE_PRODUCT = YES;
			};
			name = Release;
		};
		4D0021821A27B11E002846E5 /* Debug */ = {
			isa = XCBuildConfiguration;
			buildSettings = {
				ASSETCATALOG_COMPILER_APPICON_NAME = AppIcon;
				INFOPLIST_FILE = QuoteGen/Info.plist;
				LD_RUNPATH_SEARCH_PATHS = "$(inherited) @executable_path/Frameworks";
				PRODUCT_NAME = "$(TARGET_NAME)";
			};
			name = Debug;
		};
		4D0021831A27B11E002846E5 /* Release */ = {
			isa = XCBuildConfiguration;
			buildSettings = {
				ASSETCATALOG_COMPILER_APPICON_NAME = AppIcon;
				INFOPLIST_FILE = QuoteGen/Info.plist;
				LD_RUNPATH_SEARCH_PATHS = "$(inherited) @executable_path/Frameworks";
				PRODUCT_NAME = "$(TARGET_NAME)";
			};
			name = Release;
		};
		4D0021851A27B11E002846E5 /* Debug */ = {
			isa = XCBuildConfiguration;
			buildSettings = {
				BUNDLE_LOADER = "$(TEST_HOST)";
				FRAMEWORK_SEARCH_PATHS = (
					"$(SDKROOT)/Developer/Library/Frameworks",
					"$(inherited)",
				);
				GCC_PREPROCESSOR_DEFINITIONS = (
					"DEBUG=1",
					"$(inherited)",
				);
				INFOPLIST_FILE = QuoteGenTests/Info.plist;
				LD_RUNPATH_SEARCH_PATHS = "$(inherited) @executable_path/Frameworks @loader_path/Frameworks";
				PRODUCT_NAME = "$(TARGET_NAME)";
				TEST_HOST = "$(BUILT_PRODUCTS_DIR)/QuoteGen.app/QuoteGen";
			};
			name = Debug;
		};
		4D0021861A27B11E002846E5 /* Release */ = {
			isa = XCBuildConfiguration;
			buildSettings = {
				BUNDLE_LOADER = "$(TEST_HOST)";
				FRAMEWORK_SEARCH_PATHS = (
					"$(SDKROOT)/Developer/Library/Frameworks",
					"$(inherited)",
				);
				INFOPLIST_FILE = QuoteGenTests/Info.plist;
				LD_RUNPATH_SEARCH_PATHS = "$(inherited) @executable_path/Frameworks @loader_path/Frameworks";
				PRODUCT_NAME = "$(TARGET_NAME)";
				TEST_HOST = "$(BUILT_PRODUCTS_DIR)/QuoteGen.app/QuoteGen";
			};
			name = Release;
		};
/* End XCBuildConfiguration section */

/* Begin XCConfigurationList section */
		4D0021591A27B11E002846E5 /* Build configuration list for PBXProject "QuoteGen" */ = {
			isa = XCConfigurationList;
			buildConfigurations = (
				4D00217F1A27B11E002846E5 /* Debug */,
				4D0021801A27B11E002846E5 /* Release */,
			);
			defaultConfigurationIsVisible = 0;
			defaultConfigurationName = Release;
		};
		4D0021811A27B11E002846E5 /* Build configuration list for PBXNativeTarget "QuoteGen" */ = {
			isa = XCConfigurationList;
			buildConfigurations = (
				4D0021821A27B11E002846E5 /* Debug */,
				4D0021831A27B11E002846E5 /* Release */,
			);
			defaultConfigurationIsVisible = 0;
		};
		4D0021841A27B11E002846E5 /* Build configuration list for PBXNativeTarget "QuoteGenTests" */ = {
			isa = XCConfigurationList;
			buildConfigurations = (
				4D0021851A27B11E002846E5 /* Debug */,
				4D0021861A27B11E002846E5 /* Release */,
			);
			defaultConfigurationIsVisible = 0;
		};
/* End XCConfigurationList section */
	};
	rootObject = 4D0021561A27B11E002846E5 /* Project object */;
}
